
Microsoft Visual Studio Solution File, Format Version 12.00
# Visual Studio Version 16
VisualStudioVersion = 16.0.29709.97
MinimumVisualStudioVersion = 10.0.40219.1
Project("{FAE04EC0-301F-11D3-BF4B-00C04F79EFBC}") = "Simple Calculator", "Simple Calculator.csproj", "{2DC423F2-C3B8-4102-97A3-2A11679EC863}"
EndProject
Project("{FAE04EC0-301F-11D3-BF4B-00C04F79EFBC}") = "calculaorV2", "..\calculaorV2\calculaorV2.csproj", "{40BCF68E-8B93-4507-808B-8764831E4070}"
EndProject
Global
	GlobalSection(SolutionConfigurationPlatforms) = preSolution
		Debug|Any CPU = Debug|Any CPU
		Release|Any CPU = Release|Any CPU
	EndGlobalSection
	GlobalSection(ProjectConfigurationPlatforms) = postSolution
		{2DC423F2-C3B8-4102-97A3-2A11679EC863}.Debug|Any CPU.ActiveCfg = Debug|Any CPU
		{2DC423F2-C3B8-4102-97A3-2A11679EC863}.Debug|Any CPU.Build.0 = Debug|Any CPU
		{2DC423F2-C3B8-4102-97A3-2A11679EC863}.Release|Any CPU.ActiveCfg = Release|Any CPU
		{2DC423F2-C3B8-4102-97A3-2A11679EC863}.Release|Any CPU.Build.0 = Release|Any CPU
		{40BCF68E-8B93-4507-808B-8764831E4070}.Debug|Any CPU.ActiveCfg = Debug|Any CPU
		{40BCF68E-8B93-4507-808B-8764831E4070}.Debug|Any CPU.Build.0 = Debug|Any CPU
		{40BCF68E-8B93-4507-808B-8764831E4070}.Release|Any CPU.ActiveCfg = Release|Any CPU
		{40BCF68E-8B93-4507-808B-8764831E4070}.Release|Any CPU.Build.0 = Release|Any CPU
	EndGlobalSection
	GlobalSection(SolutionProperties) = preSolution
		HideSolutionNode = FALSE
	EndGlobalSection
	GlobalSection(ExtensibilityGlobals) = postSolution
		SolutionGuid = {AADE4133-B885-42B1-B664-267D8879ED22}
	EndGlobalSection
EndGlobal
